
Microsoft Visual Studio Solution File, Format Version 12.00
# Visual Studio Version 17
VisualStudioVersion = 17.4.33122.133
MinimumVisualStudioVersion = 10.0.40219.1
Project("{FAE04EC0-301F-11D3-BF4B-00C04F79EFBC}") = "WebApplication9", "WebApplication9\WebApplication9.csproj", "{BBD4340B-415A-4F5C-8812-C928C1DF7FEA}"
EndProject
Global
	GlobalSection(SolutionConfigurationPlatforms) = preSolution
		Debug|Any CPU = Debug|Any CPU
		Release|Any CPU = Release|Any CPU
	EndGlobalSection
	GlobalSection(ProjectConfigurationPlatforms) = postSolution
		{BBD4340B-415A-4F5C-8812-C928C1DF7FEA}.Debug|Any CPU.ActiveCfg = Debug|Any CPU
		{BBD4340B-415A-4F5C-8812-C928C1DF7FEA}.Debug|Any CPU.Build.0 = Debug|Any CPU
		{BBD4340B-415A-4F5C-8812-C928C1DF7FEA}.Release|Any CPU.ActiveCfg = Release|Any CPU
		{BBD4340B-415A-4F5C-8812-C928C1DF7FEA}.Release|Any CPU.Build.0 = Release|Any CPU
	EndGlobalSection
	GlobalSection(SolutionProperties) = preSolution
		HideSolutionNode = FALSE
	EndGlobalSection
	GlobalSection(ExtensibilityGlobals) = postSolution
		SolutionGuid = {18697B73-E962-4B63-BAD9-C9789445537C}
	EndGlobalSection
EndGlobal
